
Microsoft Visual Studio Solution File, Format Version 12.00
# Visual Studio 16
Project("{FAE04EC0-301F-11D3-BF4B-00C04F79EFBC}") = "Assembly-CSharp", "Assembly-CSharp.csproj", "{75A46FA7-9FEF-23BB-BDCE-9EAEFACB80CC}"
EndProject
Project("{FAE04EC0-301F-11D3-BF4B-00C04F79EFBC}") = "Assembly-CSharp-firstpass", "Assembly-CSharp-firstpass.csproj", "{102D4B56-D3BC-EC4D-B105-7647EB1E763A}"
EndProject
Project("{FAE04EC0-301F-11D3-BF4B-00C04F79EFBC}") = "Assembly-CSharp-Editor-firstpass", "Assembly-CSharp-Editor-firstpass.csproj", "{2936FEB2-7205-4DF7-2238-863A9713E2D3}"
EndProject
Global
	GlobalSection(SolutionConfigurationPlatforms) = preSolution
		Debug|Any CPU = Debug|Any CPU
		Release|Any CPU = Release|Any CPU
	EndGlobalSection
	GlobalSection(ProjectConfigurationPlatforms) = postSolution
		{75A46FA7-9FEF-23BB-BDCE-9EAEFACB80CC}.Debug|Any CPU.ActiveCfg = Debug|Any CPU
		{75A46FA7-9FEF-23BB-BDCE-9EAEFACB80CC}.Debug|Any CPU.Build.0 = Debug|Any CPU
		{75A46FA7-9FEF-23BB-BDCE-9EAEFACB80CC}.Release|Any CPU.ActiveCfg = Release|Any CPU
		{75A46FA7-9FEF-23BB-BDCE-9EAEFACB80CC}.Release|Any CPU.Build.0 = Release|Any CPU
		{102D4B56-D3BC-EC4D-B105-7647EB1E763A}.Debug|Any CPU.ActiveCfg = Debug|Any CPU
		{102D4B56-D3BC-EC4D-B105-7647EB1E763A}.Debug|Any CPU.Build.0 = Debug|Any CPU
		{102D4B56-D3BC-EC4D-B105-7647EB1E763A}.Release|Any CPU.ActiveCfg = Release|Any CPU
		{102D4B56-D3BC-EC4D-B105-7647EB1E763A}.Release|Any CPU.Build.0 = Release|Any CPU
		{2936FEB2-7205-4DF7-2238-863A9713E2D3}.Debug|Any CPU.ActiveCfg = Debug|Any CPU
		{2936FEB2-7205-4DF7-2238-863A9713E2D3}.Debug|Any CPU.Build.0 = Debug|Any CPU
		{2936FEB2-7205-4DF7-2238-863A9713E2D3}.Release|Any CPU.ActiveCfg = Release|Any CPU
		{2936FEB2-7205-4DF7-2238-863A9713E2D3}.Release|Any CPU.Build.0 = Release|Any CPU
	EndGlobalSection
	GlobalSection(SolutionProperties) = preSolution
		HideSolutionNode = FALSE
	EndGlobalSection
EndGlobal
